
Microsoft Visual Studio Solution File, Format Version 12.00
# Visual Studio Version 16
VisualStudioVersion = 16.0.30804.86
MinimumVisualStudioVersion = 10.0.40219.1
Project("{FAE04EC0-301F-11D3-BF4B-00C04F79EFBC}") = "LEGainer", "LEGainer\LEGainer.csproj", "{64E17C66-3360-4C54-A646-8631B6C6D254}"
EndProject
Global
	GlobalSection(SolutionConfigurationPlatforms) = preSolution
		Debug|Any CPU = Debug|Any CPU
		Release|Any CPU = Release|Any CPU
	EndGlobalSection
	GlobalSection(ProjectConfigurationPlatforms) = postSolution
		{64E17C66-3360-4C54-A646-8631B6C6D254}.Debug|Any CPU.ActiveCfg = Debug|Any CPU
		{64E17C66-3360-4C54-A646-8631B6C6D254}.Debug|Any CPU.Build.0 = Debug|Any CPU
		{64E17C66-3360-4C54-A646-8631B6C6D254}.Release|Any CPU.ActiveCfg = Release|Any CPU
		{64E17C66-3360-4C54-A646-8631B6C6D254}.Release|Any CPU.Build.0 = Release|Any CPU
	EndGlobalSection
	GlobalSection(SolutionProperties) = preSolution
		HideSolutionNode = FALSE
	EndGlobalSection
	GlobalSection(ExtensibilityGlobals) = postSolution
		SolutionGuid = {A2836712-51E1-45D3-8A3C-51456C213B30}
	EndGlobalSection
EndGlobal
